// !$*UTF8*$!
{
	archiveVersion = 1;
	classes = {
	};
	objectVersion = 55;
	objects = {

/* Begin PBXBuildFile section */
		257D672927E8EA240094414F /* AppDelegate.swift in Sources */ = {isa = PBXBuildFile; fileRef = 257D672827E8EA240094414F /* AppDelegate.swift */; };
		257D672B27E8EA240094414F /* SceneDelegate.swift in Sources */ = {isa = PBXBuildFile; fileRef = 257D672A27E8EA240094414F /* SceneDelegate.swift */; };
		257D672D27E8EA240094414F /* ViewController.swift in Sources */ = {isa = PBXBuildFile; fileRef = 257D672C27E8EA240094414F /* ViewController.swift */; };
		257D673027E8EA240094414F /* Main.storyboard in Resources */ = {isa = PBXBuildFile; fileRef = 257D672E27E8EA240094414F /* Main.storyboard */; };
		257D673227E8EA260094414F /* Assets.xcassets in Resources */ = {isa = PBXBuildFile; fileRef = 257D673127E8EA260094414F /* Assets.xcassets */; };
		257D673527E8EA260094414F /* LaunchScreen.storyboard in Resources */ = {isa = PBXBuildFile; fileRef = 257D673327E8EA260094414F /* LaunchScreen.storyboard */; };
		257D673D27E8ED3B0094414F /* eventS.swift in Sources */ = {isa = PBXBuildFile; fileRef = 257D673C27E8ED3B0094414F /* eventS.swift */; };
		258290C527EB8F230021B457 /* Map Even Controller.swift in Sources */ = {isa = PBXBuildFile; fileRef = 258290C427EB8F230021B457 /* Map Even Controller.swift */; };
		25EE50F227F76A1500859AC9 /* Map of the Event Controller.swift in Sources */ = {isa = PBXBuildFile; fileRef = 25EE50F127F76A1500859AC9 /* Map of the Event Controller.swift */; };
/* End PBXBuildFile section */

/* Begin PBXFileReference section */
		257D672527E8EA240094414F /* lamar county  take 2.app */ = {isa = PBXFileReference; explicitFileType = wrapper.application; includeInIndex = 0; path = "lamar county  take 2.app"; sourceTree = BUILT_PRODUCTS_DIR; };
		257D672827E8EA240094414F /* AppDelegate.swift */ = {isa = PBXFileReference; lastKnownFileType = sourcecode.swift; path = AppDelegate.swift; sourceTree = "<group>"; };
		257D672A27E8EA240094414F /* SceneDelegate.swift */ = {isa = PBXFileReference; lastKnownFileType = sourcecode.swift; path = SceneDelegate.swift; sourceTree = "<group>"; };
		257D672C27E8EA240094414F /* ViewController.swift */ = {isa = PBXFileReference; lastKnownFileType = sourcecode.swift; path = ViewController.swift; sourceTree = "<group>"; };
		257D672F27E8EA240094414F /* Base */ = {isa = PBXFileReference; lastKnownFileType = file.storyboard; name = Base; path = Base.lproj/Main.storyboard; sourceTree = "<group>"; };
		257D673127E8EA260094414F /* Assets.xcassets */ = {isa = PBXFileReference; lastKnownFileType = folder.assetcatalog; path = Assets.xcassets; sourceTree = "<group>"; };
		257D673427E8EA260094414F /* Base */ = {isa = PBXFileReference; lastKnownFileType = file.storyboard; name = Base; path = Base.lproj/LaunchScreen.storyboard; sourceTree = "<group>"; };
		257D673627E8EA260094414F /* Info.plist */ = {isa = PBXFileReference; lastKnownFileType = text.plist.xml; path = Info.plist; sourceTree = "<group>"; };
		257D673C27E8ED3B0094414F /* eventS.swift */ = {isa = PBXFileReference; lastKnownFileType = sourcecode.swift; path = eventS.swift; sourceTree = "<group>"; };
		258290C427EB8F230021B457 /* Map Even Controller.swift */ = {isa = PBXFileReference; lastKnownFileType = sourcecode.swift; path = "Map Even Controller.swift"; sourceTree = "<group>"; };
		25EE50F127F76A1500859AC9 /* Map of the Event Controller.swift */ = {isa = PBXFileReference; lastKnownFileType = sourcecode.swift; path = "Map of the Event Controller.swift"; sourceTree = "<group>"; };
/* End PBXFileReference section */

/* Begin PBXFrameworksBuildPhase section */
		257D672227E8EA240094414F /* Frameworks */ = {
			isa = PBXFrameworksBuildPhase;
			buildActionMask = 2147483647;
			files = (
			);
			runOnlyForDeploymentPostprocessing = 0;
		};
/* End PBXFrameworksBuildPhase section */

/* Begin PBXGroup section */
		257D671C27E8EA240094414F = {
			isa = PBXGroup;
			children = (
				257D672727E8EA240094414F /* lamar county  take 2 */,
				257D672627E8EA240094414F /* Products */,
			);
			sourceTree = "<group>";
		};
		257D672627E8EA240094414F /* Products */ = {
			isa = PBXGroup;
			children = (
				257D672527E8EA240094414F /* lamar county  take 2.app */,
			);
			name = Products;
			sourceTree = "<group>";
		};
		257D672727E8EA240094414F /* lamar county  take 2 */ = {
			isa = PBXGroup;
			children = (
				257D672827E8EA240094414F /* AppDelegate.swift */,
				257D672A27E8EA240094414F /* SceneDelegate.swift */,
				257D672C27E8EA240094414F /* ViewController.swift */,
				258290C427EB8F230021B457 /* Map Even Controller.swift */,
				25EE50F127F76A1500859AC9 /* Map of the Event Controller.swift */,
				257D673C27E8ED3B0094414F /* eventS.swift */,
				257D672E27E8EA240094414F /* Main.storyboard */,
				257D673127E8EA260094414F /* Assets.xcassets */,
				257D673327E8EA260094414F /* LaunchScreen.storyboard */,
				257D673627E8EA260094414F /* Info.plist */,
			);
			path = "lamar county  take 2";
			sourceTree = "<group>";
		};
/* End PBXGroup section */

/* Begin PBXNativeTarget section */
		257D672427E8EA240094414F /* lamar county  take 2 */ = {
			isa = PBXNativeTarget;
			buildConfigurationList = 257D673927E8EA260094414F /* Build configuration list for PBXNativeTarget "lamar county  take 2" */;
			buildPhases = (
				257D672127E8EA240094414F /* Sources */,
				257D672227E8EA240094414F /* Frameworks */,
				257D672327E8EA240094414F /* Resources */,
			);
			buildRules = (
			);
			dependencies = (
			);
			name = "lamar county  take 2";
			productName = "lamar county  take 2";
			productReference = 257D672527E8EA240094414F /* lamar county  take 2.app */;
			productType = "com.apple.product-type.application";
		};
/* End PBXNativeTarget section */

/* Begin PBXProject section */
		257D671D27E8EA240094414F /* Project object */ = {
			isa = PBXProject;
			attributes = {
				BuildIndependentTargetsInParallel = 1;
				LastSwiftUpdateCheck = 1320;
				LastUpgradeCheck = 1320;
				TargetAttributes = {
					257D672427E8EA240094414F = {
						CreatedOnToolsVersion = 13.2.1;
					};
				};
			};
			buildConfigurationList = 257D672027E8EA240094414F /* Build configuration list for PBXProject "lamar county  take 2" */;
			compatibilityVersion = "Xcode 13.0";
			developmentRegion = en;
			hasScannedForEncodings = 0;
			knownRegions = (
				en,
				Base,
			);
			mainGroup = 257D671C27E8EA240094414F;
			productRefGroup = 257D672627E8EA240094414F /* Products */;
			projectDirPath = "";
			projectRoot = "";
			targets = (
				257D672427E8EA240094414F /* lamar county  take 2 */,
			);
		};
/* End PBXProject section */

/* Begin PBXResourcesBuildPhase section */
		257D672327E8EA240094414F /* Resources */ = {
			isa = PBXResourcesBuildPhase;
			buildActionMask = 2147483647;
			files = (
				257D673527E8EA260094414F /* LaunchScreen.storyboard in Resources */,
				257D673227E8EA260094414F /* Assets.xcassets in Resources */,
				257D673027E8EA240094414F /* Main.storyboard in Resources */,
			);
			runOnlyForDeploymentPostprocessing = 0;
		};
/* End PBXResourcesBuildPhase section */

/* Begin PBXSourcesBuildPhase section */
		257D672127E8EA240094414F /* Sources */ = {
			isa = PBXSourcesBuildPhase;
			buildActionMask = 2147483647;
			files = (
				25EE50F227F76A1500859AC9 /* Map of the Event Controller.swift in Sources */,
				258290C527EB8F230021B457 /* Map Even Controller.swift in Sources */,
				257D673D27E8ED3B0094414F /* eventS.swift in Sources */,
				257D672D27E8EA240094414F /* ViewController.swift in Sources */,
				257D672927E8EA240094414F /* AppDelegate.swift in Sources */,
				257D672B27E8EA240094414F /* SceneDelegate.swift in Sources */,
			);
			runOnlyForDeploymentPostprocessing = 0;
		};
/* End PBXSourcesBuildPhase section */

/* Begin PBXVariantGroup section */
		257D672E27E8EA240094414F /* Main.storyboard */ = {
			isa = PBXVariantGroup;
			children = (
				257D672F27E8EA240094414F /* Base */,
			);
			name = Main.storyboard;
			sourceTree = "<group>";
		};
		257D673327E8EA260094414F /* LaunchScreen.storyboard */ = {
			isa = PBXVariantGroup;
			children = (
				257D673427E8EA260094414F /* Base */,
			);
			name = LaunchScreen.storyboard;
			sourceTree = "<group>";
		};
/* End PBXVariantGroup section */

/* Begin XCBuildConfiguration section */
		257D673727E8EA260094414F /* Debug */ = {
			isa = XCBuildConfiguration;
			buildSettings = {
				ALWAYS_SEARCH_USER_PATHS = NO;
				CLANG_ANALYZER_NONNULL = YES;
				CLANG_ANALYZER_NUMBER_OBJECT_CONVERSION = YES_AGGRESSIVE;
				CLANG_CXX_LANGUAGE_STANDARD = "gnu++17";
				CLANG_CXX_LIBRARY = "libc++";
				CLANG_ENABLE_MODULES = YES;
				CLANG_ENABLE_OBJC_ARC = YES;
				CLANG_ENABLE_OBJC_WEAK = YES;
				CLANG_WARN_BLOCK_CAPTURE_AUTORELEASING = YES;
				CLANG_WARN_BOOL_CONVERSION = YES;
				CLANG_WARN_COMMA = YES;
				CLANG_WARN_CONSTANT_CONVERSION = YES;
				CLANG_WARN_DEPRECATED_OBJC_IMPLEMENTATIONS = YES;
				CLANG_WARN_DIRECT_OBJC_ISA_USAGE = YES_ERROR;
				CLANG_WARN_DOCUMENTATION_COMMENTS = YES;
				CLANG_WARN_EMPTY_BODY = YES;
				CLANG_WARN_ENUM_CONVERSION = YES;
				CLANG_WARN_INFINITE_RECURSION = YES;
				CLANG_WARN_INT_CONVERSION = YES;
				CLANG_WARN_NON_LITERAL_NULL_CONVERSION = YES;
				CLANG_WARN_OBJC_IMPLICIT_RETAIN_SELF = YES;
				CLANG_WARN_OBJC_LITERAL_CONVERSION = YES;
				CLANG_WARN_OBJC_ROOT_CLASS = YES_ERROR;
				CLANG_WARN_QUOTED_INCLUDE_IN_FRAMEWORK_HEADER = YES;
				CLANG_WARN_RANGE_LOOP_ANALYSIS = YES;
				CLANG_WARN_STRICT_PROTOTYPES = YES;
				CLANG_WARN_SUSPICIOUS_MOVE = YES;
				CLANG_WARN_UNGUARDED_AVAILABILITY = YES_AGGRESSIVE;
				CLANG_WARN_UNREACHABLE_CODE = YES;
				CLANG_WARN__DUPLICATE_METHOD_MATCH = YES;
				COPY_PHASE_STRIP = NO;
				DEBUG_INFORMATION_FORMAT = dwarf;
				ENABLE_STRICT_OBJC_MSGSEND = YES;
				ENABLE_TESTABILITY = YES;
				GCC_C_LANGUAGE_STANDARD = gnu11;
				GCC_DYNAMIC_NO_PIC = NO;
				GCC_NO_COMMON_BLOCKS = YES;
				GCC_OPTIMIZATION_LEVEL = 0;
				GCC_PREPROCESSOR_DEFINITIONS = (
					"DEBUG=1",
					"$(inherited)",
				);
				GCC_WARN_64_TO_32_BIT_CONVERSION = YES;
				GCC_WARN_ABOUT_RETURN_TYPE = YES_ERROR;
				GCC_WARN_UNDECLARED_SELECTOR = YES;
				GCC_WARN_UNINITIALIZED_AUTOS = YES_AGGRESSIVE;
				GCC_WARN_UNUSED_FUNCTION = YES;
				GCC_WARN_UNUSED_VARIABLE = YES;
				IPHONEOS_DEPLOYMENT_TARGET = 15.2;
				MTL_ENABLE_DEBUG_INFO = INCLUDE_SOURCE;
				MTL_FAST_MATH = YES;
				ONLY_ACTIVE_ARCH = YES;
				SDKROOT = iphoneos;
				SWIFT_ACTIVE_COMPILATION_CONDITIONS = DEBUG;
				SWIFT_OPTIMIZATION_LEVEL = "-Onone";
			};
			name = Debug;
		};
		257D673827E8EA260094414F /* Release */ = {
			isa = XCBuildConfiguration;
			buildSettings = {
				ALWAYS_SEARCH_USER_PATHS = NO;
				CLANG_ANALYZER_NONNULL = YES;
				CLANG_ANALYZER_NUMBER_OBJECT_CONVERSION = YES_AGGRESSIVE;
				CLANG_CXX_LANGUAGE_STANDARD = "gnu++17";
				CLANG_CXX_LIBRARY = "libc++";
				CLANG_ENABLE_MODULES = YES;
				CLANG_ENABLE_OBJC_ARC = YES;
				CLANG_ENABLE_OBJC_WEAK = YES;
				CLANG_WARN_BLOCK_CAPTURE_AUTORELEASING = YES;
				CLANG_WARN_BOOL_CONVERSION = YES;
				CLANG_WARN_COMMA = YES;
				CLANG_WARN_CONSTANT_CONVERSION = YES;
				CLANG_WARN_DEPRECATED_OBJC_IMPLEMENTATIONS = YES;
				CLANG_WARN_DIRECT_OBJC_ISA_USAGE = YES_ERROR;
				CLANG_WARN_DOCUMENTATION_COMMENTS = YES;
				CLANG_WARN_EMPTY_BODY = YES;
				CLANG_WARN_ENUM_CONVERSION = YES;
				CLANG_WARN_INFINITE_RECURSION = YES;
				CLANG_WARN_INT_CONVERSION = YES;
				CLANG_WARN_NON_LITERAL_NULL_CONVERSION = YES;
				CLANG_WARN_OBJC_IMPLICIT_RETAIN_SELF = YES;
				CLANG_WARN_OBJC_LITERAL_CONVERSION = YES;
				CLANG_WARN_OBJC_ROOT_CLASS = YES_ERROR;
				CLANG_WARN_QUOTED_INCLUDE_IN_FRAMEWORK_HEADER = YES;
				CLANG_WARN_RANGE_LOOP_ANALYSIS = YES;
				CLANG_WARN_STRICT_PROTOTYPES = YES;
				CLANG_WARN_SUSPICIOUS_MOVE = YES;
				CLANG_WARN_UNGUARDED_AVAILABILITY = YES_AGGRESSIVE;
				CLANG_WARN_UNREACHABLE_CODE = YES;
				CLANG_WARN__DUPLICATE_METHOD_MATCH = YES;
				COPY_PHASE_STRIP = NO;
				DEBUG_INFORMATION_FORMAT = "dwarf-with-dsym";
				ENABLE_NS_ASSERTIONS = NO;
				ENABLE_STRICT_OBJC_MSGSEND = YES;
				GCC_C_LANGUAGE_STANDARD = gnu11;
				GCC_NO_COMMON_BLOCKS = YES;
				GCC_WARN_64_TO_32_BIT_CONVERSION = YES;
				GCC_WARN_ABOUT_RETURN_TYPE = YES_ERROR;
				GCC_WARN_UNDECLARED_SELECTOR = YES;
				GCC_WARN_UNINITIALIZED_AUTOS = YES_AGGRESSIVE;
				GCC_WARN_UNUSED_FUNCTION = YES;
				GCC_WARN_UNUSED_VARIABLE = YES;
				IPHONEOS_DEPLOYMENT_TARGET = 15.2;
				MTL_ENABLE_DEBUG_INFO = NO;
				MTL_FAST_MATH = YES;
				SDKROOT = iphoneos;
				SWIFT_COMPILATION_MODE = wholemodule;
				SWIFT_OPTIMIZATION_LEVEL = "-O";
				VALIDATE_PRODUCT = YES;
			};
			name = Release;
		};
		257D673A27E8EA260094414F /* Debug */ = {
			isa = XCBuildConfiguration;
			buildSettings = {
				ASSETCATALOG_COMPILER_APPICON_NAME = AppIcon;
				ASSETCATALOG_COMPILER_GLOBAL_ACCENT_COLOR_NAME = AccentColor;
				CODE_SIGN_STYLE = Automatic;
				CURRENT_PROJECT_VERSION = 1;
				DEVELOPMENT_TEAM = 93HZ65DU46;
				GENERATE_INFOPLIST_FILE = YES;
				INFOPLIST_FILE = "lamar county  take 2/Info.plist";
				INFOPLIST_KEY_UIApplicationSupportsIndirectInputEvents = YES;
				INFOPLIST_KEY_UILaunchStoryboardName = LaunchScreen;
				INFOPLIST_KEY_UIMainStoryboardFile = Main;
				INFOPLIST_KEY_UISupportedInterfaceOrientations_iPad = "UIInterfaceOrientationPortrait UIInterfaceOrientationPortraitUpsideDown UIInterfaceOrientationLandscapeLeft UIInterfaceOrientationLandscapeRight";
				INFOPLIST_KEY_UISupportedInterfaceOrientations_iPhone = "UIInterfaceOrientationPortrait UIInterfaceOrientationLandscapeLeft UIInterfaceOrientationLandscapeRight";
				LD_RUNPATH_SEARCH_PATHS = (
					"$(inherited)",
					"@executable_path/Frameworks",
				);
				MARKETING_VERSION = 1.0;
				PRODUCT_BUNDLE_IDENTIFIER = "grant-spraker.lamar-county--take-2";
				PRODUCT_NAME = "$(TARGET_NAME)";
				SWIFT_EMIT_LOC_STRINGS = YES;
				SWIFT_VERSION = 5.0;
				TARGETED_DEVICE_FAMILY = "1,2";
			};
			name = Debug;
		};
		257D673B27E8EA260094414F /* Release */ = {
			isa = XCBuildConfiguration;
			buildSettings = {
				ASSETCATALOG_COMPILER_APPICON_NAME = AppIcon;
				ASSETCATALOG_COMPILER_GLOBAL_ACCENT_COLOR_NAME = AccentColor;
				CODE_SIGN_STYLE = Automatic;
				CURRENT_PROJECT_VERSION = 1;
				DEVELOPMENT_TEAM = 93HZ65DU46;
				GENERATE_INFOPLIST_FILE = YES;
				INFOPLIST_FILE = "lamar county  take 2/Info.plist";
				INFOPLIST_KEY_UIApplicationSupportsIndirectInputEvents = YES;
				INFOPLIST_KEY_UILaunchStoryboardName = LaunchScreen;
				INFOPLIST_KEY_UIMainStoryboardFile = Main;
				INFOPLIST_KEY_UISupportedInterfaceOrientations_iPad = "UIInterfaceOrientationPortrait UIInterfaceOrientationPortraitUpsideDown UIInterfaceOrientationLandscapeLeft UIInterfaceOrientationLandscapeRight";
				INFOPLIST_KEY_UISupportedInterfaceOrientations_iPhone = "UIInterfaceOrientationPortrait UIInterfaceOrientationLandscapeLeft UIInterfaceOrientationLandscapeRight";
				LD_RUNPATH_SEARCH_PATHS = (
					"$(inherited)",
					"@executable_path/Frameworks",
				);
				MARKETING_VERSION = 1.0;
				PRODUCT_BUNDLE_IDENTIFIER = "grant-spraker.lamar-county--take-2";
				PRODUCT_NAME = "$(TARGET_NAME)";
				SWIFT_EMIT_LOC_STRINGS = YES;
				SWIFT_VERSION = 5.0;
				TARGETED_DEVICE_FAMILY = "1,2";
			};
			name = Release;
		};
/* End XCBuildConfiguration section */

/* Begin XCConfigurationList section */
		257D672027E8EA240094414F /* Build configuration list for PBXProject "lamar county  take 2" */ = {
			isa = XCConfigurationList;
			buildConfigurations = (
				257D673727E8EA260094414F /* Debug */,
				257D673827E8EA260094414F /* Release */,
			);
			defaultConfigurationIsVisible = 0;
			defaultConfigurationName = Release;
		};
		257D673927E8EA260094414F /* Build configuration list for PBXNativeTarget "lamar county  take 2" */ = {
			isa = XCConfigurationList;
			buildConfigurations = (
				257D673A27E8EA260094414F /* Debug */,
				257D673B27E8EA260094414F /* Release */,
			);
			defaultConfigurationIsVisible = 0;
			defaultConfigurationName = Release;
		};
/* End XCConfigurationList section */
	};
	rootObject = 257D671D27E8EA240094414F /* Project object */;
}
